
Microsoft Visual Studio Solution File, Format Version 12.00
# Visual Studio Version 17
VisualStudioVersion = 17.6.33815.320
MinimumVisualStudioVersion = 10.0.40219.1
Project("{FAE04EC0-301F-11D3-BF4B-00C04F79EFBC}") = "ConcurrenciaApi", "ConcurrenciaApi\ConcurrenciaApi.csproj", "{FA8C00D5-9866-4F10-8A82-C204301A2942}"
EndProject
Global
	GlobalSection(SolutionConfigurationPlatforms) = preSolution
		Debug|Any CPU = Debug|Any CPU
		Release|Any CPU = Release|Any CPU
	EndGlobalSection
	GlobalSection(ProjectConfigurationPlatforms) = postSolution
		{FA8C00D5-9866-4F10-8A82-C204301A2942}.Debug|Any CPU.ActiveCfg = Debug|Any CPU
		{FA8C00D5-9866-4F10-8A82-C204301A2942}.Debug|Any CPU.Build.0 = Debug|Any CPU
		{FA8C00D5-9866-4F10-8A82-C204301A2942}.Release|Any CPU.ActiveCfg = Release|Any CPU
		{FA8C00D5-9866-4F10-8A82-C204301A2942}.Release|Any CPU.Build.0 = Release|Any CPU
	EndGlobalSection
	GlobalSection(SolutionProperties) = preSolution
		HideSolutionNode = FALSE
	EndGlobalSection
	GlobalSection(ExtensibilityGlobals) = postSolution
		SolutionGuid = {4A8AD2C6-46A2-4328-A246-6615D5D2CE9B}
	EndGlobalSection
EndGlobal
